
Microsoft Visual Studio Solution File, Format Version 12.00
# Visual Studio Version 16
VisualStudioVersion = 16.0.31019.35
MinimumVisualStudioVersion = 10.0.40219.1
Project("{FAE04EC0-301F-11D3-BF4B-00C04F79EFBC}") = "MatriculasAPI", "MatriculasAPI.csproj", "{D44E8F63-3C0A-487A-BC2A-886945F4B567}"
EndProject
Project("{FAE04EC0-301F-11D3-BF4B-00C04F79EFBC}") = "Models", "..\Models\Models.csproj", "{AE62DE61-DC15-4106-9739-9ACB1C98A30E}"
EndProject
Global
	GlobalSection(SolutionConfigurationPlatforms) = preSolution
		Debug|Any CPU = Debug|Any CPU
		Release|Any CPU = Release|Any CPU
	EndGlobalSection
	GlobalSection(ProjectConfigurationPlatforms) = postSolution
		{D44E8F63-3C0A-487A-BC2A-886945F4B567}.Debug|Any CPU.ActiveCfg = Debug|Any CPU
		{D44E8F63-3C0A-487A-BC2A-886945F4B567}.Debug|Any CPU.Build.0 = Debug|Any CPU
		{D44E8F63-3C0A-487A-BC2A-886945F4B567}.Release|Any CPU.ActiveCfg = Release|Any CPU
		{D44E8F63-3C0A-487A-BC2A-886945F4B567}.Release|Any CPU.Build.0 = Release|Any CPU
		{AE62DE61-DC15-4106-9739-9ACB1C98A30E}.Debug|Any CPU.ActiveCfg = Debug|Any CPU
		{AE62DE61-DC15-4106-9739-9ACB1C98A30E}.Debug|Any CPU.Build.0 = Debug|Any CPU
		{AE62DE61-DC15-4106-9739-9ACB1C98A30E}.Release|Any CPU.ActiveCfg = Release|Any CPU
		{AE62DE61-DC15-4106-9739-9ACB1C98A30E}.Release|Any CPU.Build.0 = Release|Any CPU
	EndGlobalSection
	GlobalSection(SolutionProperties) = preSolution
		HideSolutionNode = FALSE
	EndGlobalSection
	GlobalSection(ExtensibilityGlobals) = postSolution
		SolutionGuid = {1E51D874-5795-44F8-AE80-6CDEA616687D}
	EndGlobalSection
EndGlobal
